
Microsoft Visual Studio Solution File, Format Version 12.00
# Visual Studio 2013
VisualStudioVersion = 12.0.30501.0
MinimumVisualStudioVersion = 10.0.40219.1
Project("{8BC9CEB8-8B4A-11D0-8D11-00A0C91BC942}") = "MatrixMult", "MatrixMult.vcxproj", "{27322ED5-7765-4849-8672-52DE8260121F}"
EndProject
Project("{9092AA53-FB77-4645-B42D-1CCCA6BD08BD}") = "NodejsConsoleApp2", "NodejsConsoleApp2\NodejsConsoleApp2.njsproj", "{4E9097DB-31B0-4C55-8358-D606F3146FC1}"
EndProject
Global
	GlobalSection(SolutionConfigurationPlatforms) = preSolution
		Debug|Any CPU = Debug|Any CPU
		Debug|Mixed Platforms = Debug|Mixed Platforms
		Debug|Win32 = Debug|Win32
		Release|Any CPU = Release|Any CPU
		Release|Mixed Platforms = Release|Mixed Platforms
		Release|Win32 = Release|Win32
	EndGlobalSection
	GlobalSection(ProjectConfigurationPlatforms) = postSolution
		{27322ED5-7765-4849-8672-52DE8260121F}.Debug|Any CPU.ActiveCfg = Debug|Win32
		{27322ED5-7765-4849-8672-52DE8260121F}.Debug|Mixed Platforms.ActiveCfg = Debug|Win32
		{27322ED5-7765-4849-8672-52DE8260121F}.Debug|Mixed Platforms.Build.0 = Debug|Win32
		{27322ED5-7765-4849-8672-52DE8260121F}.Debug|Win32.ActiveCfg = Debug|Win32
		{27322ED5-7765-4849-8672-52DE8260121F}.Debug|Win32.Build.0 = Debug|Win32
		{27322ED5-7765-4849-8672-52DE8260121F}.Release|Any CPU.ActiveCfg = Release|Win32
		{27322ED5-7765-4849-8672-52DE8260121F}.Release|Mixed Platforms.ActiveCfg = Release|Win32
		{27322ED5-7765-4849-8672-52DE8260121F}.Release|Mixed Platforms.Build.0 = Release|Win32
		{27322ED5-7765-4849-8672-52DE8260121F}.Release|Win32.ActiveCfg = Release|Win32
		{27322ED5-7765-4849-8672-52DE8260121F}.Release|Win32.Build.0 = Release|Win32
		{4E9097DB-31B0-4C55-8358-D606F3146FC1}.Debug|Any CPU.ActiveCfg = Debug|Any CPU
		{4E9097DB-31B0-4C55-8358-D606F3146FC1}.Debug|Any CPU.Build.0 = Debug|Any CPU
		{4E9097DB-31B0-4C55-8358-D606F3146FC1}.Debug|Mixed Platforms.ActiveCfg = Debug|Any CPU
		{4E9097DB-31B0-4C55-8358-D606F3146FC1}.Debug|Mixed Platforms.Build.0 = Debug|Any CPU
		{4E9097DB-31B0-4C55-8358-D606F3146FC1}.Debug|Win32.ActiveCfg = Debug|Any CPU
		{4E9097DB-31B0-4C55-8358-D606F3146FC1}.Release|Any CPU.ActiveCfg = Release|Any CPU
		{4E9097DB-31B0-4C55-8358-D606F3146FC1}.Release|Any CPU.Build.0 = Release|Any CPU
		{4E9097DB-31B0-4C55-8358-D606F3146FC1}.Release|Mixed Platforms.ActiveCfg = Release|Any CPU
		{4E9097DB-31B0-4C55-8358-D606F3146FC1}.Release|Mixed Platforms.Build.0 = Release|Any CPU
		{4E9097DB-31B0-4C55-8358-D606F3146FC1}.Release|Win32.ActiveCfg = Release|Any CPU
	EndGlobalSection
	GlobalSection(SolutionProperties) = preSolution
		HideSolutionNode = FALSE
	EndGlobalSection
EndGlobal
